
Microsoft Visual Studio Solution File, Format Version 12.00
# Visual Studio Version 17
VisualStudioVersion = 17.6.33717.318
MinimumVisualStudioVersion = 10.0.40219.1
Project("{8BC9CEB8-8B4A-11D0-8D11-00A0C91BC942}") = "SFML_Proj", "SFML_Proj.vcxproj", "{ED57522E-2E98-4979-B187-B8108FE5747B}"
EndProject
Global
	GlobalSection(SolutionConfigurationPlatforms) = preSolution
		Debug|x64 = Debug|x64
		Debug|x86 = Debug|x86
		Release|x64 = Release|x64
		Release|x86 = Release|x86
	EndGlobalSection
	GlobalSection(ProjectConfigurationPlatforms) = postSolution
		{ED57522E-2E98-4979-B187-B8108FE5747B}.Debug|x64.ActiveCfg = Debug|x64
		{ED57522E-2E98-4979-B187-B8108FE5747B}.Debug|x64.Build.0 = Debug|x64
		{ED57522E-2E98-4979-B187-B8108FE5747B}.Debug|x86.ActiveCfg = Debug|Win32
		{ED57522E-2E98-4979-B187-B8108FE5747B}.Debug|x86.Build.0 = Debug|Win32
		{ED57522E-2E98-4979-B187-B8108FE5747B}.Release|x64.ActiveCfg = Release|x64
		{ED57522E-2E98-4979-B187-B8108FE5747B}.Release|x64.Build.0 = Release|x64
		{ED57522E-2E98-4979-B187-B8108FE5747B}.Release|x86.ActiveCfg = Release|Win32
		{ED57522E-2E98-4979-B187-B8108FE5747B}.Release|x86.Build.0 = Release|Win32
	EndGlobalSection
	GlobalSection(SolutionProperties) = preSolution
		HideSolutionNode = FALSE
	EndGlobalSection
	GlobalSection(ExtensibilityGlobals) = postSolution
		SolutionGuid = {0FBCB25A-F131-4411-9C99-FB02BB8B03A5}
	EndGlobalSection
EndGlobal
